// !$*UTF8*$!
{
	archiveVersion = 1;
	classes = {
	};
	objectVersion = 50;
	objects = {

/* Begin PBXBuildFile section */
		02471E4624669B4C00F8A3B0 /* AppDelegate.swift in Sources */ = {isa = PBXBuildFile; fileRef = 02471E4524669B4C00F8A3B0 /* AppDelegate.swift */; };
		02471E4824669B4C00F8A3B0 /* SceneDelegate.swift in Sources */ = {isa = PBXBuildFile; fileRef = 02471E4724669B4C00F8A3B0 /* SceneDelegate.swift */; };
		02471E4A24669B4C00F8A3B0 /* ViewController.swift in Sources */ = {isa = PBXBuildFile; fileRef = 02471E4924669B4C00F8A3B0 /* ViewController.swift */; };
		02471E4D24669B4C00F8A3B0 /* Main.storyboard in Resources */ = {isa = PBXBuildFile; fileRef = 02471E4B24669B4C00F8A3B0 /* Main.storyboard */; };
		02471E4F24669B4D00F8A3B0 /* Assets.xcassets in Resources */ = {isa = PBXBuildFile; fileRef = 02471E4E24669B4D00F8A3B0 /* Assets.xcassets */; };
		02471E5224669B4D00F8A3B0 /* LaunchScreen.storyboard in Resources */ = {isa = PBXBuildFile; fileRef = 02471E5024669B4D00F8A3B0 /* LaunchScreen.storyboard */; };
/* End PBXBuildFile section */

/* Begin PBXFileReference section */
		02471E4224669B4C00F8A3B0 /* labPlace.app */ = {isa = PBXFileReference; explicitFileType = wrapper.application; includeInIndex = 0; path = labPlace.app; sourceTree = BUILT_PRODUCTS_DIR; };
		02471E4524669B4C00F8A3B0 /* AppDelegate.swift */ = {isa = PBXFileReference; lastKnownFileType = sourcecode.swift; path = AppDelegate.swift; sourceTree = "<group>"; };
		02471E4724669B4C00F8A3B0 /* SceneDelegate.swift */ = {isa = PBXFileReference; lastKnownFileType = sourcecode.swift; path = SceneDelegate.swift; sourceTree = "<group>"; };
		02471E4924669B4C00F8A3B0 /* ViewController.swift */ = {isa = PBXFileReference; lastKnownFileType = sourcecode.swift; path = ViewController.swift; sourceTree = "<group>"; };
		02471E4C24669B4C00F8A3B0 /* Base */ = {isa = PBXFileReference; lastKnownFileType = file.storyboard; name = Base; path = Base.lproj/Main.storyboard; sourceTree = "<group>"; };
		02471E4E24669B4D00F8A3B0 /* Assets.xcassets */ = {isa = PBXFileReference; lastKnownFileType = folder.assetcatalog; path = Assets.xcassets; sourceTree = "<group>"; };
		02471E5124669B4D00F8A3B0 /* Base */ = {isa = PBXFileReference; lastKnownFileType = file.storyboard; name = Base; path = Base.lproj/LaunchScreen.storyboard; sourceTree = "<group>"; };
		02471E5324669B4D00F8A3B0 /* Info.plist */ = {isa = PBXFileReference; lastKnownFileType = text.plist.xml; path = Info.plist; sourceTree = "<group>"; };
/* End PBXFileReference section */

/* Begin PBXFrameworksBuildPhase section */
		02471E3F24669B4C00F8A3B0 /* Frameworks */ = {
			isa = PBXFrameworksBuildPhase;
			buildActionMask = 2147483647;
			files = (
			);
			runOnlyForDeploymentPostprocessing = 0;
		};
/* End PBXFrameworksBuildPhase section */

/* Begin PBXGroup section */
		02471E3924669B4C00F8A3B0 = {
			isa = PBXGroup;
			children = (
				02471E4424669B4C00F8A3B0 /* labPlace */,
				02471E4324669B4C00F8A3B0 /* Products */,
			);
			sourceTree = "<group>";
		};
		02471E4324669B4C00F8A3B0 /* Products */ = {
			isa = PBXGroup;
			children = (
				02471E4224669B4C00F8A3B0 /* labPlace.app */,
			);
			name = Products;
			sourceTree = "<group>";
		};
		02471E4424669B4C00F8A3B0 /* labPlace */ = {
			isa = PBXGroup;
			children = (
				02471E4524669B4C00F8A3B0 /* AppDelegate.swift */,
				02471E4724669B4C00F8A3B0 /* SceneDelegate.swift */,
				02471E4924669B4C00F8A3B0 /* ViewController.swift */,
				02471E4B24669B4C00F8A3B0 /* Main.storyboard */,
				02471E4E24669B4D00F8A3B0 /* Assets.xcassets */,
				02471E5024669B4D00F8A3B0 /* LaunchScreen.storyboard */,
				02471E5324669B4D00F8A3B0 /* Info.plist */,
			);
			path = labPlace;
			sourceTree = "<group>";
		};
/* End PBXGroup section */

/* Begin PBXNativeTarget section */
		02471E4124669B4C00F8A3B0 /* labPlace */ = {
			isa = PBXNativeTarget;
			buildConfigurationList = 02471E5624669B4D00F8A3B0 /* Build configuration list for PBXNativeTarget "labPlace" */;
			buildPhases = (
				02471E3E24669B4C00F8A3B0 /* Sources */,
				02471E3F24669B4C00F8A3B0 /* Frameworks */,
				02471E4024669B4C00F8A3B0 /* Resources */,
			);
			buildRules = (
			);
			dependencies = (
			);
			name = labPlace;
			productName = labPlace;
			productReference = 02471E4224669B4C00F8A3B0 /* labPlace.app */;
			productType = "com.apple.product-type.application";
		};
/* End PBXNativeTarget section */

/* Begin PBXProject section */
		02471E3A24669B4C00F8A3B0 /* Project object */ = {
			isa = PBXProject;
			attributes = {
				LastSwiftUpdateCheck = 1130;
				LastUpgradeCheck = 1130;
				ORGANIZATIONNAME = BVH;
				TargetAttributes = {
					02471E4124669B4C00F8A3B0 = {
						CreatedOnToolsVersion = 11.3.1;
					};
				};
			};
			buildConfigurationList = 02471E3D24669B4C00F8A3B0 /* Build configuration list for PBXProject "labPlace" */;
			compatibilityVersion = "Xcode 9.3";
			developmentRegion = en;
			hasScannedForEncodings = 0;
			knownRegions = (
				en,
				Base,
			);
			mainGroup = 02471E3924669B4C00F8A3B0;
			productRefGroup = 02471E4324669B4C00F8A3B0 /* Products */;
			projectDirPath = "";
			projectRoot = "";
			targets = (
				02471E4124669B4C00F8A3B0 /* labPlace */,
			);
		};
/* End PBXProject section */

/* Begin PBXResourcesBuildPhase section */
		02471E4024669B4C00F8A3B0 /* Resources */ = {
			isa = PBXResourcesBuildPhase;
			buildActionMask = 2147483647;
			files = (
				02471E5224669B4D00F8A3B0 /* LaunchScreen.storyboard in Resources */,
				02471E4F24669B4D00F8A3B0 /* Assets.xcassets in Resources */,
				02471E4D24669B4C00F8A3B0 /* Main.storyboard in Resources */,
			);
			runOnlyForDeploymentPostprocessing = 0;
		};
/* End PBXResourcesBuildPhase section */

/* Begin PBXSourcesBuildPhase section */
		02471E3E24669B4C00F8A3B0 /* Sources */ = {
			isa = PBXSourcesBuildPhase;
			buildActionMask = 2147483647;
			files = (
				02471E4A24669B4C00F8A3B0 /* ViewController.swift in Sources */,
				02471E4624669B4C00F8A3B0 /* AppDelegate.swift in Sources */,
				02471E4824669B4C00F8A3B0 /* SceneDelegate.swift in Sources */,
			);
			runOnlyForDeploymentPostprocessing = 0;
		};
/* End PBXSourcesBuildPhase section */

/* Begin PBXVariantGroup section */
		02471E4B24669B4C00F8A3B0 /* Main.storyboard */ = {
			isa = PBXVariantGroup;
			children = (
				02471E4C24669B4C00F8A3B0 /* Base */,
			);
			name = Main.storyboard;
			sourceTree = "<group>";
		};
		02471E5024669B4D00F8A3B0 /* LaunchScreen.storyboard */ = {
			isa = PBXVariantGroup;
			children = (
				02471E5124669B4D00F8A3B0 /* Base */,
			);
			name = LaunchScreen.storyboard;
			sourceTree = "<group>";
		};
/* End PBXVariantGroup section */

/* Begin XCBuildConfiguration section */
		02471E5424669B4D00F8A3B0 /* Debug */ = {
			isa = XCBuildConfiguration;
			buildSettings = {
				ALWAYS_SEARCH_USER_PATHS = NO;
				CLANG_ANALYZER_NONNULL = YES;
				CLANG_ANALYZER_NUMBER_OBJECT_CONVERSION = YES_AGGRESSIVE;
				CLANG_CXX_LANGUAGE_STANDARD = "gnu++14";
				CLANG_CXX_LIBRARY = "libc++";
				CLANG_ENABLE_MODULES = YES;
				CLANG_ENABLE_OBJC_ARC = YES;
				CLANG_ENABLE_OBJC_WEAK = YES;
				CLANG_WARN_BLOCK_CAPTURE_AUTORELEASING = YES;
				CLANG_WARN_BOOL_CONVERSION = YES;
				CLANG_WARN_COMMA = YES;
				CLANG_WARN_CONSTANT_CONVERSION = YES;
				CLANG_WARN_DEPRECATED_OBJC_IMPLEMENTATIONS = YES;
				CLANG_WARN_DIRECT_OBJC_ISA_USAGE = YES_ERROR;
				CLANG_WARN_DOCUMENTATION_COMMENTS = YES;
				CLANG_WARN_EMPTY_BODY = YES;
				CLANG_WARN_ENUM_CONVERSION = YES;
				CLANG_WARN_INFINITE_RECURSION = YES;
				CLANG_WARN_INT_CONVERSION = YES;
				CLANG_WARN_NON_LITERAL_NULL_CONVERSION = YES;
				CLANG_WARN_OBJC_IMPLICIT_RETAIN_SELF = YES;
				CLANG_WARN_OBJC_LITERAL_CONVERSION = YES;
				CLANG_WARN_OBJC_ROOT_CLASS = YES_ERROR;
				CLANG_WARN_RANGE_LOOP_ANALYSIS = YES;
				CLANG_WARN_STRICT_PROTOTYPES = YES;
				CLANG_WARN_SUSPICIOUS_MOVE = YES;
				CLANG_WARN_UNGUARDED_AVAILABILITY = YES_AGGRESSIVE;
				CLANG_WARN_UNREACHABLE_CODE = YES;
				CLANG_WARN__DUPLICATE_METHOD_MATCH = YES;
				COPY_PHASE_STRIP = NO;
				DEBUG_INFORMATION_FORMAT = dwarf;
				ENABLE_STRICT_OBJC_MSGSEND = YES;
				ENABLE_TESTABILITY = YES;
				GCC_C_LANGUAGE_STANDARD = gnu11;
				GCC_DYNAMIC_NO_PIC = NO;
				GCC_NO_COMMON_BLOCKS = YES;
				GCC_OPTIMIZATION_LEVEL = 0;
				GCC_PREPROCESSOR_DEFINITIONS = (
					"DEBUG=1",
					"$(inherited)",
				);
				GCC_WARN_64_TO_32_BIT_CONVERSION = YES;
				GCC_WARN_ABOUT_RETURN_TYPE = YES_ERROR;
				GCC_WARN_UNDECLARED_SELECTOR = YES;
				GCC_WARN_UNINITIALIZED_AUTOS = YES_AGGRESSIVE;
				GCC_WARN_UNUSED_FUNCTION = YES;
				GCC_WARN_UNUSED_VARIABLE = YES;
				IPHONEOS_DEPLOYMENT_TARGET = 13.2;
				MTL_ENABLE_DEBUG_INFO = INCLUDE_SOURCE;
				MTL_FAST_MATH = YES;
				ONLY_ACTIVE_ARCH = YES;
				SDKROOT = iphoneos;
				SWIFT_ACTIVE_COMPILATION_CONDITIONS = DEBUG;
				SWIFT_OPTIMIZATION_LEVEL = "-Onone";
			};
			name = Debug;
		};
		02471E5524669B4D00F8A3B0 /* Release */ = {
			isa = XCBuildConfiguration;
			buildSettings = {
				ALWAYS_SEARCH_USER_PATHS = NO;
				CLANG_ANALYZER_NONNULL = YES;
				CLANG_ANALYZER_NUMBER_OBJECT_CONVERSION = YES_AGGRESSIVE;
				CLANG_CXX_LANGUAGE_STANDARD = "gnu++14";
				CLANG_CXX_LIBRARY = "libc++";
				CLANG_ENABLE_MODULES = YES;
				CLANG_ENABLE_OBJC_ARC = YES;
				CLANG_ENABLE_OBJC_WEAK = YES;
				CLANG_WARN_BLOCK_CAPTURE_AUTORELEASING = YES;
				CLANG_WARN_BOOL_CONVERSION = YES;
				CLANG_WARN_COMMA = YES;
				CLANG_WARN_CONSTANT_CONVERSION = YES;
				CLANG_WARN_DEPRECATED_OBJC_IMPLEMENTATIONS = YES;
				CLANG_WARN_DIRECT_OBJC_ISA_USAGE = YES_ERROR;
				CLANG_WARN_DOCUMENTATION_COMMENTS = YES;
				CLANG_WARN_EMPTY_BODY = YES;
				CLANG_WARN_ENUM_CONVERSION = YES;
				CLANG_WARN_INFINITE_RECURSION = YES;
				CLANG_WARN_INT_CONVERSION = YES;
				CLANG_WARN_NON_LITERAL_NULL_CONVERSION = YES;
				CLANG_WARN_OBJC_IMPLICIT_RETAIN_SELF = YES;
				CLANG_WARN_OBJC_LITERAL_CONVERSION = YES;
				CLANG_WARN_OBJC_ROOT_CLASS = YES_ERROR;
				CLANG_WARN_RANGE_LOOP_ANALYSIS = YES;
				CLANG_WARN_STRICT_PROTOTYPES = YES;
				CLANG_WARN_SUSPICIOUS_MOVE = YES;
				CLANG_WARN_UNGUARDED_AVAILABILITY = YES_AGGRESSIVE;
				CLANG_WARN_UNREACHABLE_CODE = YES;
				CLANG_WARN__DUPLICATE_METHOD_MATCH = YES;
				COPY_PHASE_STRIP = NO;
				DEBUG_INFORMATION_FORMAT = "dwarf-with-dsym";
				ENABLE_NS_ASSERTIONS = NO;
				ENABLE_STRICT_OBJC_MSGSEND = YES;
				GCC_C_LANGUAGE_STANDARD = gnu11;
				GCC_NO_COMMON_BLOCKS = YES;
				GCC_WARN_64_TO_32_BIT_CONVERSION = YES;
				GCC_WARN_ABOUT_RETURN_TYPE = YES_ERROR;
				GCC_WARN_UNDECLARED_SELECTOR = YES;
				GCC_WARN_UNINITIALIZED_AUTOS = YES_AGGRESSIVE;
				GCC_WARN_UNUSED_FUNCTION = YES;
				GCC_WARN_UNUSED_VARIABLE = YES;
				IPHONEOS_DEPLOYMENT_TARGET = 13.2;
				MTL_ENABLE_DEBUG_INFO = NO;
				MTL_FAST_MATH = YES;
				SDKROOT = iphoneos;
				SWIFT_COMPILATION_MODE = wholemodule;
				SWIFT_OPTIMIZATION_LEVEL = "-O";
				VALIDATE_PRODUCT = YES;
			};
			name = Release;
		};
		02471E5724669B4D00F8A3B0 /* Debug */ = {
			isa = XCBuildConfiguration;
			buildSettings = {
				ASSETCATALOG_COMPILER_APPICON_NAME = AppIcon;
				CODE_SIGN_STYLE = Automatic;
				DEVELOPMENT_TEAM = S43N2473JA;
				INFOPLIST_FILE = labPlace/Info.plist;
				LD_RUNPATH_SEARCH_PATHS = (
					"$(inherited)",
					"@executable_path/Frameworks",
				);
				PRODUCT_BUNDLE_IDENTIFIER = harsha.labPlace;
				PRODUCT_NAME = "$(TARGET_NAME)";
				SWIFT_VERSION = 5.0;
				TARGETED_DEVICE_FAMILY = "1,2";
			};
			name = Debug;
		};
		02471E5824669B4D00F8A3B0 /* Release */ = {
			isa = XCBuildConfiguration;
			buildSettings = {
				ASSETCATALOG_COMPILER_APPICON_NAME = AppIcon;
				CODE_SIGN_STYLE = Automatic;
				DEVELOPMENT_TEAM = S43N2473JA;
				INFOPLIST_FILE = labPlace/Info.plist;
				LD_RUNPATH_SEARCH_PATHS = (
					"$(inherited)",
					"@executable_path/Frameworks",
				);
				PRODUCT_BUNDLE_IDENTIFIER = harsha.labPlace;
				PRODUCT_NAME = "$(TARGET_NAME)";
				SWIFT_VERSION = 5.0;
				TARGETED_DEVICE_FAMILY = "1,2";
			};
			name = Release;
		};
/* End XCBuildConfiguration section */

/* Begin XCConfigurationList section */
		02471E3D24669B4C00F8A3B0 /* Build configuration list for PBXProject "labPlace" */ = {
			isa = XCConfigurationList;
			buildConfigurations = (
				02471E5424669B4D00F8A3B0 /* Debug */,
				02471E5524669B4D00F8A3B0 /* Release */,
			);
			defaultConfigurationIsVisible = 0;
			defaultConfigurationName = Release;
		};
		02471E5624669B4D00F8A3B0 /* Build configuration list for PBXNativeTarget "labPlace" */ = {
			isa = XCConfigurationList;
			buildConfigurations = (
				02471E5724669B4D00F8A3B0 /* Debug */,
				02471E5824669B4D00F8A3B0 /* Release */,
			);
			defaultConfigurationIsVisible = 0;
			defaultConfigurationName = Release;
		};
/* End XCConfigurationList section */
	};
	rootObject = 02471E3A24669B4C00F8A3B0 /* Project object */;
}
